
Microsoft Visual Studio Solution File, Format Version 12.00
# Visual Studio 15
VisualStudioVersion = 15.0.27703.2000
MinimumVisualStudioVersion = 10.0.40219.1
Project("{9A19103F-16F7-4668-BE54-9A1E7A4F7556}") = "ToDoAngular.Api", "ToDoAngular.Api\ToDoAngular.Api.csproj", "{E8440B4B-F808-4FFA-A63B-F3DA624B945B}"
EndProject
Project("{2150E333-8FDC-42A3-9474-1A3956D46DE8}") = "Solution Items", "Solution Items", "{5FEBB2BA-615E-4177-A64E-04BD8F74A587}"
	ProjectSection(SolutionItems) = preProject
		.gitignore = .gitignore
	EndProjectSection
EndProject
Global
	GlobalSection(SolutionConfigurationPlatforms) = preSolution
		Debug|Any CPU = Debug|Any CPU
		Release|Any CPU = Release|Any CPU
	EndGlobalSection
	GlobalSection(ProjectConfigurationPlatforms) = postSolution
		{E8440B4B-F808-4FFA-A63B-F3DA624B945B}.Debug|Any CPU.ActiveCfg = Debug|Any CPU
		{E8440B4B-F808-4FFA-A63B-F3DA624B945B}.Debug|Any CPU.Build.0 = Debug|Any CPU
		{E8440B4B-F808-4FFA-A63B-F3DA624B945B}.Release|Any CPU.ActiveCfg = Release|Any CPU
		{E8440B4B-F808-4FFA-A63B-F3DA624B945B}.Release|Any CPU.Build.0 = Release|Any CPU
	EndGlobalSection
	GlobalSection(SolutionProperties) = preSolution
		HideSolutionNode = FALSE
	EndGlobalSection
	GlobalSection(ExtensibilityGlobals) = postSolution
		SolutionGuid = {09B3BE2A-42A3-4E02-8F61-DEC959ADFBB1}
	EndGlobalSection
EndGlobal
